
Microsoft Visual Studio Solution File, Format Version 12.00
# Visual Studio Version 17
VisualStudioVersion = 17.0.31903.59
MinimumVisualStudioVersion = 10.0.40219.1
Project("{FAE04EC0-301F-11D3-BF4B-00C04F79EFBC}") = "core", "core\core.csproj", "{07ED5D7B-F925-4FE7-801F-BFDAA343C3BE}"
EndProject
Project("{FAE04EC0-301F-11D3-BF4B-00C04F79EFBC}") = "Common", "Common\Common.csproj", "{86FACA5C-6B28-440D-A6D8-66E3DB8BC917}"
EndProject
Global
	GlobalSection(SolutionConfigurationPlatforms) = preSolution
		Debug|Any CPU = Debug|Any CPU
		Release|Any CPU = Release|Any CPU
	EndGlobalSection
	GlobalSection(SolutionProperties) = preSolution
		HideSolutionNode = FALSE
	EndGlobalSection
	GlobalSection(ProjectConfigurationPlatforms) = postSolution
		{07ED5D7B-F925-4FE7-801F-BFDAA343C3BE}.Debug|Any CPU.ActiveCfg = Debug|Any CPU
		{07ED5D7B-F925-4FE7-801F-BFDAA343C3BE}.Debug|Any CPU.Build.0 = Debug|Any CPU
		{07ED5D7B-F925-4FE7-801F-BFDAA343C3BE}.Release|Any CPU.ActiveCfg = Release|Any CPU
		{07ED5D7B-F925-4FE7-801F-BFDAA343C3BE}.Release|Any CPU.Build.0 = Release|Any CPU
		{86FACA5C-6B28-440D-A6D8-66E3DB8BC917}.Debug|Any CPU.ActiveCfg = Debug|Any CPU
		{86FACA5C-6B28-440D-A6D8-66E3DB8BC917}.Debug|Any CPU.Build.0 = Debug|Any CPU
		{86FACA5C-6B28-440D-A6D8-66E3DB8BC917}.Release|Any CPU.ActiveCfg = Release|Any CPU
		{86FACA5C-6B28-440D-A6D8-66E3DB8BC917}.Release|Any CPU.Build.0 = Release|Any CPU
	EndGlobalSection
EndGlobal
